
Microsoft Visual Studio Solution File, Format Version 12.00
# Visual Studio Version 16
VisualStudioVersion = 25.0.1706.2
MinimumVisualStudioVersion = 10.0.40219.1
Project("{FAE04EC0-301F-11D3-BF4B-00C04F79EFBC}") = "RedOnlineShop", "RedOnlineShop\RedOnlineShop.csproj", "{4CE0EF09-23A5-45EC-976E-C0AE23A30155}"
EndProject
Global
	GlobalSection(SolutionConfigurationPlatforms) = preSolution
		Debug|Any CPU = Debug|Any CPU
		Release|Any CPU = Release|Any CPU
	EndGlobalSection
	GlobalSection(ProjectConfigurationPlatforms) = postSolution
		{4CE0EF09-23A5-45EC-976E-C0AE23A30155}.Debug|Any CPU.ActiveCfg = Debug|Any CPU
		{4CE0EF09-23A5-45EC-976E-C0AE23A30155}.Debug|Any CPU.Build.0 = Debug|Any CPU
		{4CE0EF09-23A5-45EC-976E-C0AE23A30155}.Release|Any CPU.ActiveCfg = Release|Any CPU
		{4CE0EF09-23A5-45EC-976E-C0AE23A30155}.Release|Any CPU.Build.0 = Release|Any CPU
	EndGlobalSection
	GlobalSection(SolutionProperties) = preSolution
		HideSolutionNode = FALSE
	EndGlobalSection
	GlobalSection(ExtensibilityGlobals) = postSolution
		SolutionGuid = {42E13982-E020-4CAB-A775-C701E840007C}
	EndGlobalSection
EndGlobal
